// !$*UTF8*$!
{
	archiveVersion = 1;
	classes = {
	};
	objectVersion = 46;
	objects = {

/* Begin PBXBuildFile section */
		0402FE2D2052BA9D001E5C22 /* LandingVC.swift in Sources */ = {isa = PBXBuildFile; fileRef = 0402FE2C2052BA9D001E5C22 /* LandingVC.swift */; };
		0427C5582057AED10048D988 /* registerationViaSocialVC.swift in Sources */ = {isa = PBXBuildFile; fileRef = 0427C5572057AED10048D988 /* registerationViaSocialVC.swift */; };
		0427C55A2057AF7A0048D988 /* SignupViaEmailVC.swift in Sources */ = {isa = PBXBuildFile; fileRef = 0427C5592057AF7A0048D988 /* SignupViaEmailVC.swift */; };
		0427C55D2057BA950048D988 /* otpVC.swift in Sources */ = {isa = PBXBuildFile; fileRef = 0427C55C2057BA950048D988 /* otpVC.swift */; };
		047D2AC620580A2F00DBF5F8 /* CompetencyLevelVC.swift in Sources */ = {isa = PBXBuildFile; fileRef = 047D2AC520580A2F00DBF5F8 /* CompetencyLevelVC.swift */; };
		04828547205945F7008084FC /* ShareAppVC.swift in Sources */ = {isa = PBXBuildFile; fileRef = 04828546205945F7008084FC /* ShareAppVC.swift */; };
		0482854A205947D7008084FC /* ShareAppCell.swift in Sources */ = {isa = PBXBuildFile; fileRef = 04828549205947D7008084FC /* ShareAppCell.swift */; };
		0494362B205BA776008014C5 /* PreferredWorkoutsVC.swift in Sources */ = {isa = PBXBuildFile; fileRef = 0494362A205BA776008014C5 /* PreferredWorkoutsVC.swift */; };
		04943631205BA91A008014C5 /* CommittedWorkoutsVC.swift in Sources */ = {isa = PBXBuildFile; fileRef = 04943630205BA91A008014C5 /* CommittedWorkoutsVC.swift */; };
		04943633205BA944008014C5 /* WorkoutLengthVC.swift in Sources */ = {isa = PBXBuildFile; fileRef = 04943632205BA944008014C5 /* WorkoutLengthVC.swift */; };
		04943637205BB3E2008014C5 /* AwesomePOPupVC.swift in Sources */ = {isa = PBXBuildFile; fileRef = 04943636205BB3E2008014C5 /* AwesomePOPupVC.swift */; };
		04943639205BB499008014C5 /* TrainerDetailVC.swift in Sources */ = {isa = PBXBuildFile; fileRef = 04943638205BB499008014C5 /* TrainerDetailVC.swift */; };
		0494363B205BB5DB008014C5 /* UserContinuewithDetailVC.swift in Sources */ = {isa = PBXBuildFile; fileRef = 0494363A205BB5DB008014C5 /* UserContinuewithDetailVC.swift */; };
		04999258204FBD1700CFB742 /* AppDelegate.swift in Sources */ = {isa = PBXBuildFile; fileRef = 04999257204FBD1700CFB742 /* AppDelegate.swift */; };
		0499925A204FBD1700CFB742 /* CreateNewWorkoutVC.swift in Sources */ = {isa = PBXBuildFile; fileRef = 04999259204FBD1700CFB742 /* CreateNewWorkoutVC.swift */; };
		0499925D204FBD1700CFB742 /* Main.storyboard in Resources */ = {isa = PBXBuildFile; fileRef = 0499925B204FBD1700CFB742 /* Main.storyboard */; };
		0499925F204FBD1800CFB742 /* Assets.xcassets in Resources */ = {isa = PBXBuildFile; fileRef = 0499925E204FBD1800CFB742 /* Assets.xcassets */; };
		04999262204FBD1800CFB742 /* LaunchScreen.storyboard in Resources */ = {isa = PBXBuildFile; fileRef = 04999260204FBD1800CFB742 /* LaunchScreen.storyboard */; };
		049F1230206B846800BA9C16 /* MenuTrainerVC.swift in Sources */ = {isa = PBXBuildFile; fileRef = 049F122F206B846800BA9C16 /* MenuTrainerVC.swift */; };
		049F1232206B84D100BA9C16 /* TrainerNotificationsVC.swift in Sources */ = {isa = PBXBuildFile; fileRef = 049F1231206B84D100BA9C16 /* TrainerNotificationsVC.swift */; };
		04AB6F2E2056442300BC0F71 /* LandingVCCell1.swift in Sources */ = {isa = PBXBuildFile; fileRef = 04AB6F2D2056442300BC0F71 /* LandingVCCell1.swift */; };
		04AB6F322056541700BC0F71 /* LandingVCCell2.swift in Sources */ = {isa = PBXBuildFile; fileRef = 04AB6F312056541700BC0F71 /* LandingVCCell2.swift */; };
		04AB6F3420569D2500BC0F71 /* TablesCell.swift in Sources */ = {isa = PBXBuildFile; fileRef = 04AB6F3320569D2500BC0F71 /* TablesCell.swift */; };
		04C1B9762057EFBA009CFD76 /* CategoriesVC.swift in Sources */ = {isa = PBXBuildFile; fileRef = 04C1B9752057EFBA009CFD76 /* CategoriesVC.swift */; };
		04C9562F2058F573003ED78B /* menuCataVC.swift in Sources */ = {isa = PBXBuildFile; fileRef = 04C9562E2058F573003ED78B /* menuCataVC.swift */; };
		04C956332058F7D7003ED78B /* menuCategoriesCell.swift in Sources */ = {isa = PBXBuildFile; fileRef = 04C956322058F7D7003ED78B /* menuCategoriesCell.swift */; };
		04C95636205903E1003ED78B /* notificationVC.swift in Sources */ = {isa = PBXBuildFile; fileRef = 04C95635205903E1003ED78B /* notificationVC.swift */; };
		04C9563920590420003ED78B /* UserVC.swift in Sources */ = {isa = PBXBuildFile; fileRef = 04C9563820590420003ED78B /* UserVC.swift */; };
		04C9563D20590528003ED78B /* homeVC.swift in Sources */ = {isa = PBXBuildFile; fileRef = 04C9563C20590528003ED78B /* homeVC.swift */; };
		04ED96E0205F945D00743CB0 /* UserCollectionViewCell1.swift in Sources */ = {isa = PBXBuildFile; fileRef = 04ED96DF205F945D00743CB0 /* UserCollectionViewCell1.swift */; };
		04ED96E2205F947300743CB0 /* UserCollectionViewCell2.swift in Sources */ = {isa = PBXBuildFile; fileRef = 04ED96E1205F947300743CB0 /* UserCollectionViewCell2.swift */; };
		04ED96E4205F948C00743CB0 /* UserCollectionViewCell3.swift in Sources */ = {isa = PBXBuildFile; fileRef = 04ED96E3205F948C00743CB0 /* UserCollectionViewCell3.swift */; };
		04ED96E6205F94A900743CB0 /* UserTableViewCell.swift in Sources */ = {isa = PBXBuildFile; fileRef = 04ED96E5205F94A900743CB0 /* UserTableViewCell.swift */; };
		04ED96E9205FD18900743CB0 /* TrainerProfileVC.swift in Sources */ = {isa = PBXBuildFile; fileRef = 04ED96E8205FD18900743CB0 /* TrainerProfileVC.swift */; };
		1A057831206A1BB200137377 /* LoginVC.swift in Sources */ = {isa = PBXBuildFile; fileRef = 1A057830206A1BB200137377 /* LoginVC.swift */; };
		1AC4EB762062232600DB3791 /* GoogleService-Info.plist in Resources */ = {isa = PBXBuildFile; fileRef = 1AC4EB752062232500DB3791 /* GoogleService-Info.plist */; };
		1AE05FF820693A9000410643 /* 12.mp4 in Resources */ = {isa = PBXBuildFile; fileRef = 1AE05FF520693A8900410643 /* 12.mp4 */; };
		1AE05FF920693A9000410643 /* 13.mp4 in Resources */ = {isa = PBXBuildFile; fileRef = 1AE05FF620693A8F00410643 /* 13.mp4 */; };
		1AE05FFA20693A9000410643 /* 11.mp4 in Resources */ = {isa = PBXBuildFile; fileRef = 1AE05FF720693A8F00410643 /* 11.mp4 */; };
		4B17882C206A57E200BB7158 /* UserLiveWorkoutVC.swift in Sources */ = {isa = PBXBuildFile; fileRef = 4B17882B206A57E200BB7158 /* UserLiveWorkoutVC.swift */; };
		4B17882F206A5AC400BB7158 /* UserSettingVC.swift in Sources */ = {isa = PBXBuildFile; fileRef = 4B17882E206A5AC400BB7158 /* UserSettingVC.swift */; };
		4B178831206A70CB00BB7158 /* VideoPlayer.swift in Sources */ = {isa = PBXBuildFile; fileRef = 4B178830206A70CB00BB7158 /* VideoPlayer.swift */; };
		4B6C23E220628B17004EE992 /* CreateAccountVC.swift in Sources */ = {isa = PBXBuildFile; fileRef = 4B6C23E120628B17004EE992 /* CreateAccountVC.swift */; };
		4B7A0D912065362E00F4383A /* Functions.swift in Sources */ = {isa = PBXBuildFile; fileRef = 4B7A0D902065362E00F4383A /* Functions.swift */; };
		4BB44995206BB93200A15550 /* TrainerMenuCell.swift in Sources */ = {isa = PBXBuildFile; fileRef = 4BB44994206BB93200A15550 /* TrainerMenuCell.swift */; };
		4BB44997206BB95F00A15550 /* TrainerNotificationCell.swift in Sources */ = {isa = PBXBuildFile; fileRef = 4BB44996206BB95F00A15550 /* TrainerNotificationCell.swift */; };
		4BB44999206BC00D00A15550 /* TrainerSettingVC.swift in Sources */ = {isa = PBXBuildFile; fileRef = 4BB44998206BC00D00A15550 /* TrainerSettingVC.swift */; };
		4BB4499B206D022A00A15550 /* TrainerUploadVideoVC.swift in Sources */ = {isa = PBXBuildFile; fileRef = 4BB4499A206D022A00A15550 /* TrainerUploadVideoVC.swift */; };
		4BB4499D206D228A00A15550 /* TrainerCreateWorkoutAfterVideoVC.swift in Sources */ = {isa = PBXBuildFile; fileRef = 4BB4499C206D228A00A15550 /* TrainerCreateWorkoutAfterVideoVC.swift */; };
		4BC7AE4F2077B15C0032423D /* ComingWorkoutVideo.swift in Sources */ = {isa = PBXBuildFile; fileRef = 4BC7AE4E2077B15C0032423D /* ComingWorkoutVideo.swift */; };
		4BC7AE512077B2470032423D /* AvailableWorkoutVideoVC.swift in Sources */ = {isa = PBXBuildFile; fileRef = 4BC7AE502077B2470032423D /* AvailableWorkoutVideoVC.swift */; };
		4BF20F0520691B8300C35CE8 /* UserSubscriptionVC.swift in Sources */ = {isa = PBXBuildFile; fileRef = 4BF20F0420691B8300C35CE8 /* UserSubscriptionVC.swift */; };
		4BF921FC2068F6ED006C6E44 /* TrainerCollectionViewCell1.swift in Sources */ = {isa = PBXBuildFile; fileRef = 4BF921FB2068F6ED006C6E44 /* TrainerCollectionViewCell1.swift */; };
		4BF921FE2068F70E006C6E44 /* TrainerCollectionViewCell2.swift in Sources */ = {isa = PBXBuildFile; fileRef = 4BF921FD2068F70E006C6E44 /* TrainerCollectionViewCell2.swift */; };
		4BF922002068F720006C6E44 /* TrainerCollectionViewCell3.swift in Sources */ = {isa = PBXBuildFile; fileRef = 4BF921FF2068F720006C6E44 /* TrainerCollectionViewCell3.swift */; };
		4BF922022068F744006C6E44 /* ViewCells.swift in Sources */ = {isa = PBXBuildFile; fileRef = 4BF922012068F744006C6E44 /* ViewCells.swift */; };
		4BF9220420690A18006C6E44 /* UserProfileVC.swift in Sources */ = {isa = PBXBuildFile; fileRef = 4BF9220320690A18006C6E44 /* UserProfileVC.swift */; };
		4BF9220820690AF1006C6E44 /* UserprofileCell1.swift in Sources */ = {isa = PBXBuildFile; fileRef = 4BF9220720690AF1006C6E44 /* UserprofileCell1.swift */; };
		4BF9220A20690B3F006C6E44 /* UserProfileCell2.swift in Sources */ = {isa = PBXBuildFile; fileRef = 4BF9220920690B3F006C6E44 /* UserProfileCell2.swift */; };
		4BFDA2082076468D005C6DDD /* SeeMoreVC.swift in Sources */ = {isa = PBXBuildFile; fileRef = 4BFDA2072076468D005C6DDD /* SeeMoreVC.swift */; };
		AEF6552C0B4F643A72810681 /* Pods_Flive.framework in Frameworks */ = {isa = PBXBuildFile; fileRef = 6053142C526915D3A39399CD /* Pods_Flive.framework */; };
		B748BAB220716ED8001439E9 /* Pojo.swift in Sources */ = {isa = PBXBuildFile; fileRef = B748BAB120716ED8001439E9 /* Pojo.swift */; };
		B765FC332072E59900184CEF /* TrainerSchduleWorkout.swift in Sources */ = {isa = PBXBuildFile; fileRef = B765FC322072E59900184CEF /* TrainerSchduleWorkout.swift */; };
/* End PBXBuildFile section */

/* Begin PBXFileReference section */
		0402FE2C2052BA9D001E5C22 /* LandingVC.swift */ = {isa = PBXFileReference; fileEncoding = 4; lastKnownFileType = sourcecode.swift; path = LandingVC.swift; sourceTree = "<group>"; };
		0427C5572057AED10048D988 /* registerationViaSocialVC.swift */ = {isa = PBXFileReference; fileEncoding = 4; lastKnownFileType = sourcecode.swift; path = registerationViaSocialVC.swift; sourceTree = "<group>"; };
		0427C5592057AF7A0048D988 /* SignupViaEmailVC.swift */ = {isa = PBXFileReference; fileEncoding = 4; lastKnownFileType = sourcecode.swift; path = SignupViaEmailVC.swift; sourceTree = "<group>"; };
		0427C55C2057BA950048D988 /* otpVC.swift */ = {isa = PBXFileReference; fileEncoding = 4; lastKnownFileType = sourcecode.swift; path = otpVC.swift; sourceTree = "<group>"; };
		047D2AC520580A2F00DBF5F8 /* CompetencyLevelVC.swift */ = {isa = PBXFileReference; fileEncoding = 4; lastKnownFileType = sourcecode.swift; path = CompetencyLevelVC.swift; sourceTree = "<group>"; };
		048285452059411B008084FC /* Flive.entitlements */ = {isa = PBXFileReference; lastKnownFileType = text.plist.entitlements; path = Flive.entitlements; sourceTree = "<group>"; };
		04828546205945F7008084FC /* ShareAppVC.swift */ = {isa = PBXFileReference; fileEncoding = 4; lastKnownFileType = sourcecode.swift; path = ShareAppVC.swift; sourceTree = "<group>"; };
		04828549205947D7008084FC /* ShareAppCell.swift */ = {isa = PBXFileReference; fileEncoding = 4; lastKnownFileType = sourcecode.swift; path = ShareAppCell.swift; sourceTree = "<group>"; };
		0494362A205BA776008014C5 /* PreferredWorkoutsVC.swift */ = {isa = PBXFileReference; fileEncoding = 4; lastKnownFileType = sourcecode.swift; path = PreferredWorkoutsVC.swift; sourceTree = "<group>"; };
		04943630205BA91A008014C5 /* CommittedWorkoutsVC.swift */ = {isa = PBXFileReference; fileEncoding = 4; lastKnownFileType = sourcecode.swift; path = CommittedWorkoutsVC.swift; sourceTree = "<group>"; };
		04943632205BA944008014C5 /* WorkoutLengthVC.swift */ = {isa = PBXFileReference; fileEncoding = 4; lastKnownFileType = sourcecode.swift; path = WorkoutLengthVC.swift; sourceTree = "<group>"; };
		04943636205BB3E2008014C5 /* AwesomePOPupVC.swift */ = {isa = PBXFileReference; fileEncoding = 4; lastKnownFileType = sourcecode.swift; path = AwesomePOPupVC.swift; sourceTree = "<group>"; };
		04943638205BB499008014C5 /* TrainerDetailVC.swift */ = {isa = PBXFileReference; fileEncoding = 4; lastKnownFileType = sourcecode.swift; path = TrainerDetailVC.swift; sourceTree = "<group>"; };
		0494363A205BB5DB008014C5 /* UserContinuewithDetailVC.swift */ = {isa = PBXFileReference; fileEncoding = 4; lastKnownFileType = sourcecode.swift; path = UserContinuewithDetailVC.swift; sourceTree = "<group>"; };
		04999254204FBD1700CFB742 /* Flive.app */ = {isa = PBXFileReference; explicitFileType = wrapper.application; includeInIndex = 0; path = Flive.app; sourceTree = BUILT_PRODUCTS_DIR; };
		04999257204FBD1700CFB742 /* AppDelegate.swift */ = {isa = PBXFileReference; lastKnownFileType = sourcecode.swift; path = AppDelegate.swift; sourceTree = "<group>"; };
		04999259204FBD1700CFB742 /* CreateNewWorkoutVC.swift */ = {isa = PBXFileReference; lastKnownFileType = sourcecode.swift; path = CreateNewWorkoutVC.swift; sourceTree = "<group>"; };
		0499925C204FBD1700CFB742 /* Base */ = {isa = PBXFileReference; lastKnownFileType = file.storyboard; name = Base; path = Base.lproj/Main.storyboard; sourceTree = "<group>"; };
		0499925E204FBD1800CFB742 /* Assets.xcassets */ = {isa = PBXFileReference; lastKnownFileType = folder.assetcatalog; path = Assets.xcassets; sourceTree = "<group>"; };
		04999261204FBD1800CFB742 /* Base */ = {isa = PBXFileReference; lastKnownFileType = file.storyboard; name = Base; path = Base.lproj/LaunchScreen.storyboard; sourceTree = "<group>"; };
		04999263204FBD1800CFB742 /* Info.plist */ = {isa = PBXFileReference; lastKnownFileType = text.plist.xml; path = Info.plist; sourceTree = "<group>"; };
		049F122F206B846800BA9C16 /* MenuTrainerVC.swift */ = {isa = PBXFileReference; lastKnownFileType = sourcecode.swift; path = MenuTrainerVC.swift; sourceTree = "<group>"; };
		049F1231206B84D100BA9C16 /* TrainerNotificationsVC.swift */ = {isa = PBXFileReference; lastKnownFileType = sourcecode.swift; path = TrainerNotificationsVC.swift; sourceTree = "<group>"; };
		04AB6F2D2056442300BC0F71 /* LandingVCCell1.swift */ = {isa = PBXFileReference; fileEncoding = 4; lastKnownFileType = sourcecode.swift; path = LandingVCCell1.swift; sourceTree = "<group>"; };
		04AB6F312056541700BC0F71 /* LandingVCCell2.swift */ = {isa = PBXFileReference; fileEncoding = 4; lastKnownFileType = sourcecode.swift; path = LandingVCCell2.swift; sourceTree = "<group>"; };
		04AB6F3320569D2500BC0F71 /* TablesCell.swift */ = {isa = PBXFileReference; fileEncoding = 4; lastKnownFileType = sourcecode.swift; path = TablesCell.swift; sourceTree = "<group>"; };
		04C1B9752057EFBA009CFD76 /* CategoriesVC.swift */ = {isa = PBXFileReference; fileEncoding = 4; lastKnownFileType = sourcecode.swift; path = CategoriesVC.swift; sourceTree = "<group>"; };
		04C9562E2058F573003ED78B /* menuCataVC.swift */ = {isa = PBXFileReference; fileEncoding = 4; lastKnownFileType = sourcecode.swift; path = menuCataVC.swift; sourceTree = "<group>"; };
		04C956322058F7D7003ED78B /* menuCategoriesCell.swift */ = {isa = PBXFileReference; fileEncoding = 4; lastKnownFileType = sourcecode.swift; path = menuCategoriesCell.swift; sourceTree = "<group>"; };
		04C95635205903E1003ED78B /* notificationVC.swift */ = {isa = PBXFileReference; fileEncoding = 4; lastKnownFileType = sourcecode.swift; path = notificationVC.swift; sourceTree = "<group>"; };
		04C9563820590420003ED78B /* UserVC.swift */ = {isa = PBXFileReference; fileEncoding = 4; lastKnownFileType = sourcecode.swift; path = UserVC.swift; sourceTree = "<group>"; };
		04C9563C20590528003ED78B /* homeVC.swift */ = {isa = PBXFileReference; fileEncoding = 4; lastKnownFileType = sourcecode.swift; path = homeVC.swift; sourceTree = "<group>"; };
		04ED96DF205F945D00743CB0 /* UserCollectionViewCell1.swift */ = {isa = PBXFileReference; fileEncoding = 4; lastKnownFileType = sourcecode.swift; path = UserCollectionViewCell1.swift; sourceTree = "<group>"; };
		04ED96E1205F947300743CB0 /* UserCollectionViewCell2.swift */ = {isa = PBXFileReference; fileEncoding = 4; lastKnownFileType = sourcecode.swift; path = UserCollectionViewCell2.swift; sourceTree = "<group>"; };
		04ED96E3205F948C00743CB0 /* UserCollectionViewCell3.swift */ = {isa = PBXFileReference; fileEncoding = 4; lastKnownFileType = sourcecode.swift; path = UserCollectionViewCell3.swift; sourceTree = "<group>"; };
		04ED96E5205F94A900743CB0 /* UserTableViewCell.swift */ = {isa = PBXFileReference; fileEncoding = 4; lastKnownFileType = sourcecode.swift; path = UserTableViewCell.swift; sourceTree = "<group>"; };
		04ED96E8205FD18900743CB0 /* TrainerProfileVC.swift */ = {isa = PBXFileReference; fileEncoding = 4; lastKnownFileType = sourcecode.swift; path = TrainerProfileVC.swift; sourceTree = "<group>"; };
		1A057830206A1BB200137377 /* LoginVC.swift */ = {isa = PBXFileReference; lastKnownFileType = sourcecode.swift; path = LoginVC.swift; sourceTree = "<group>"; };
		1AC4EB752062232500DB3791 /* GoogleService-Info.plist */ = {isa = PBXFileReference; fileEncoding = 4; lastKnownFileType = text.plist.xml; path = "GoogleService-Info.plist"; sourceTree = "<group>"; };
		1AE05FF520693A8900410643 /* 12.mp4 */ = {isa = PBXFileReference; lastKnownFileType = file; path = 12.mp4; sourceTree = "<group>"; };
		1AE05FF620693A8F00410643 /* 13.mp4 */ = {isa = PBXFileReference; lastKnownFileType = file; path = 13.mp4; sourceTree = "<group>"; };
		1AE05FF720693A8F00410643 /* 11.mp4 */ = {isa = PBXFileReference; lastKnownFileType = file; path = 11.mp4; sourceTree = "<group>"; };
		4B17882B206A57E200BB7158 /* UserLiveWorkoutVC.swift */ = {isa = PBXFileReference; lastKnownFileType = sourcecode.swift; path = UserLiveWorkoutVC.swift; sourceTree = "<group>"; };
		4B17882E206A5AC400BB7158 /* UserSettingVC.swift */ = {isa = PBXFileReference; lastKnownFileType = sourcecode.swift; path = UserSettingVC.swift; sourceTree = "<group>"; };
		4B178830206A70CB00BB7158 /* VideoPlayer.swift */ = {isa = PBXFileReference; lastKnownFileType = sourcecode.swift; path = VideoPlayer.swift; sourceTree = "<group>"; };
		4B6C23E120628B17004EE992 /* CreateAccountVC.swift */ = {isa = PBXFileReference; lastKnownFileType = sourcecode.swift; path = CreateAccountVC.swift; sourceTree = "<group>"; };
		4B7A0D902065362E00F4383A /* Functions.swift */ = {isa = PBXFileReference; lastKnownFileType = sourcecode.swift; path = Functions.swift; sourceTree = "<group>"; };
		4BB44994206BB93200A15550 /* TrainerMenuCell.swift */ = {isa = PBXFileReference; lastKnownFileType = sourcecode.swift; path = TrainerMenuCell.swift; sourceTree = "<group>"; };
		4BB44996206BB95F00A15550 /* TrainerNotificationCell.swift */ = {isa = PBXFileReference; lastKnownFileType = sourcecode.swift; path = TrainerNotificationCell.swift; sourceTree = "<group>"; };
		4BB44998206BC00D00A15550 /* TrainerSettingVC.swift */ = {isa = PBXFileReference; lastKnownFileType = sourcecode.swift; path = TrainerSettingVC.swift; sourceTree = "<group>"; };
		4BB4499A206D022A00A15550 /* TrainerUploadVideoVC.swift */ = {isa = PBXFileReference; lastKnownFileType = sourcecode.swift; path = TrainerUploadVideoVC.swift; sourceTree = "<group>"; };
		4BB4499C206D228A00A15550 /* TrainerCreateWorkoutAfterVideoVC.swift */ = {isa = PBXFileReference; lastKnownFileType = sourcecode.swift; path = TrainerCreateWorkoutAfterVideoVC.swift; sourceTree = "<group>"; };
		4BC7AE4E2077B15C0032423D /* ComingWorkoutVideo.swift */ = {isa = PBXFileReference; lastKnownFileType = sourcecode.swift; path = ComingWorkoutVideo.swift; sourceTree = "<group>"; };
		4BC7AE502077B2470032423D /* AvailableWorkoutVideoVC.swift */ = {isa = PBXFileReference; lastKnownFileType = sourcecode.swift; path = AvailableWorkoutVideoVC.swift; sourceTree = "<group>"; };
		4BF20F0420691B8300C35CE8 /* UserSubscriptionVC.swift */ = {isa = PBXFileReference; lastKnownFileType = sourcecode.swift; path = UserSubscriptionVC.swift; sourceTree = "<group>"; };
		4BF921FB2068F6ED006C6E44 /* TrainerCollectionViewCell1.swift */ = {isa = PBXFileReference; lastKnownFileType = sourcecode.swift; path = TrainerCollectionViewCell1.swift; sourceTree = "<group>"; };
		4BF921FD2068F70E006C6E44 /* TrainerCollectionViewCell2.swift */ = {isa = PBXFileReference; lastKnownFileType = sourcecode.swift; path = TrainerCollectionViewCell2.swift; sourceTree = "<group>"; };
		4BF921FF2068F720006C6E44 /* TrainerCollectionViewCell3.swift */ = {isa = PBXFileReference; lastKnownFileType = sourcecode.swift; path = TrainerCollectionViewCell3.swift; sourceTree = "<group>"; };
		4BF922012068F744006C6E44 /* ViewCells.swift */ = {isa = PBXFileReference; lastKnownFileType = sourcecode.swift; path = ViewCells.swift; sourceTree = "<group>"; };
		4BF9220320690A18006C6E44 /* UserProfileVC.swift */ = {isa = PBXFileReference; lastKnownFileType = sourcecode.swift; path = UserProfileVC.swift; sourceTree = "<group>"; };
		4BF9220720690AF1006C6E44 /* UserprofileCell1.swift */ = {isa = PBXFileReference; lastKnownFileType = sourcecode.swift; path = UserprofileCell1.swift; sourceTree = "<group>"; };
		4BF9220920690B3F006C6E44 /* UserProfileCell2.swift */ = {isa = PBXFileReference; lastKnownFileType = sourcecode.swift; path = UserProfileCell2.swift; sourceTree = "<group>"; };
		4BFDA2072076468D005C6DDD /* SeeMoreVC.swift */ = {isa = PBXFileReference; lastKnownFileType = sourcecode.swift; path = SeeMoreVC.swift; sourceTree = "<group>"; };
		6053142C526915D3A39399CD /* Pods_Flive.framework */ = {isa = PBXFileReference; explicitFileType = wrapper.framework; includeInIndex = 0; path = Pods_Flive.framework; sourceTree = BUILT_PRODUCTS_DIR; };
		74A847429C6CDC29B981115C /* Pods-Flive.debug.xcconfig */ = {isa = PBXFileReference; includeInIndex = 1; lastKnownFileType = text.xcconfig; name = "Pods-Flive.debug.xcconfig"; path = "Pods/Target Support Files/Pods-Flive/Pods-Flive.debug.xcconfig"; sourceTree = "<group>"; };
		767CC6EEFE1FC2603A63EDE7 /* Pods-Flive.release.xcconfig */ = {isa = PBXFileReference; includeInIndex = 1; lastKnownFileType = text.xcconfig; name = "Pods-Flive.release.xcconfig"; path = "Pods/Target Support Files/Pods-Flive/Pods-Flive.release.xcconfig"; sourceTree = "<group>"; };
		B748BAB120716ED8001439E9 /* Pojo.swift */ = {isa = PBXFileReference; lastKnownFileType = sourcecode.swift; path = Pojo.swift; sourceTree = "<group>"; };
		B765FC322072E59900184CEF /* TrainerSchduleWorkout.swift */ = {isa = PBXFileReference; lastKnownFileType = sourcecode.swift; path = TrainerSchduleWorkout.swift; sourceTree = "<group>"; };
/* End PBXFileReference section */

/* Begin PBXFrameworksBuildPhase section */
		04999251204FBD1700CFB742 /* Frameworks */ = {
			isa = PBXFrameworksBuildPhase;
			buildActionMask = 2147483647;
			files = (
				AEF6552C0B4F643A72810681 /* Pods_Flive.framework in Frameworks */,
			);
			runOnlyForDeploymentPostprocessing = 0;
		};
/* End PBXFrameworksBuildPhase section */

/* Begin PBXGroup section */
		0402FE2B2052BA66001E5C22 /* Landing Page */ = {
			isa = PBXGroup;
			children = (
				0402FE2C2052BA9D001E5C22 /* LandingVC.swift */,
				04AB6F2D2056442300BC0F71 /* LandingVCCell1.swift */,
				04AB6F312056541700BC0F71 /* LandingVCCell2.swift */,
				04AB6F3320569D2500BC0F71 /* TablesCell.swift */,
			);
			name = "Landing Page";
			sourceTree = "<group>";
		};
		041A65E62057D3E900629FA2 /* Register Phase2 */ = {
			isa = PBXGroup;
			children = (
				4BB449A6206E1F1700A15550 /* Trainer Details */,
				047D2AC4205809AE00DBF5F8 /* User Categories */,
				4B6C23E120628B17004EE992 /* CreateAccountVC.swift */,
			);
			name = "Register Phase2";
			sourceTree = "<group>";
		};
		0427C5562057AE6E0048D988 /* Register Phase1 */ = {
			isa = PBXGroup;
			children = (
				0427C5572057AED10048D988 /* registerationViaSocialVC.swift */,
				0427C5592057AF7A0048D988 /* SignupViaEmailVC.swift */,
				1A057830206A1BB200137377 /* LoginVC.swift */,
			);
			name = "Register Phase1";
			sourceTree = "<group>";
		};
		0427C55B2057BA700048D988 /* OTP */ = {
			isa = PBXGroup;
			children = (
				0427C55C2057BA950048D988 /* otpVC.swift */,
			);
			name = OTP;
			sourceTree = "<group>";
		};
		047D2AC4205809AE00DBF5F8 /* User Categories */ = {
			isa = PBXGroup;
			children = (
				04C1B9752057EFBA009CFD76 /* CategoriesVC.swift */,
				047D2AC520580A2F00DBF5F8 /* CompetencyLevelVC.swift */,
				0494362A205BA776008014C5 /* PreferredWorkoutsVC.swift */,
				04943630205BA91A008014C5 /* CommittedWorkoutsVC.swift */,
				04943632205BA944008014C5 /* WorkoutLengthVC.swift */,
				4BF20F0420691B8300C35CE8 /* UserSubscriptionVC.swift */,
			);
			name = "User Categories";
			sourceTree = "<group>";
		};
		04828548205947A8008084FC /* Share */ = {
			isa = PBXGroup;
			children = (
				04828546205945F7008084FC /* ShareAppVC.swift */,
				04828549205947D7008084FC /* ShareAppCell.swift */,
			);
			name = Share;
			sourceTree = "<group>";
		};
		0499924B204FBD1700CFB742 = {
			isa = PBXGroup;
			children = (
				1AE05FF720693A8F00410643 /* 11.mp4 */,
				1AE05FF520693A8900410643 /* 12.mp4 */,
				1AE05FF620693A8F00410643 /* 13.mp4 */,
				04999256204FBD1700CFB742 /* Flive */,
				04999255204FBD1700CFB742 /* Products */,
				49F4C5279D071142B0A9598A /* Pods */,
				D56AF7746F6D20A2E480C92D /* Frameworks */,
			);
			sourceTree = "<group>";
		};
		04999255204FBD1700CFB742 /* Products */ = {
			isa = PBXGroup;
			children = (
				04999254204FBD1700CFB742 /* Flive.app */,
			);
			name = Products;
			sourceTree = "<group>";
		};
		04999256204FBD1700CFB742 /* Flive */ = {
			isa = PBXGroup;
			children = (
				4B7A0D8D2065353100F4383A /* Helper */,
				048285452059411B008084FC /* Flive.entitlements */,
				04D0B43520527B8E0094C944 /* View Controllers */,
				04999257204FBD1700CFB742 /* AppDelegate.swift */,
				0499925B204FBD1700CFB742 /* Main.storyboard */,
				0499925E204FBD1800CFB742 /* Assets.xcassets */,
				04999260204FBD1800CFB742 /* LaunchScreen.storyboard */,
				04999263204FBD1800CFB742 /* Info.plist */,
				1AC4EB752062232500DB3791 /* GoogleService-Info.plist */,
			);
			path = Flive;
			sourceTree = "<group>";
		};
		04C9562D2058F526003ED78B /* MenuCategories */ = {
			isa = PBXGroup;
			children = (
				04C9562E2058F573003ED78B /* menuCataVC.swift */,
				04C956322058F7D7003ED78B /* menuCategoriesCell.swift */,
			);
			name = MenuCategories;
			sourceTree = "<group>";
		};
		04C956342059039B003ED78B /* Notifications */ = {
			isa = PBXGroup;
			children = (
				04C95635205903E1003ED78B /* notificationVC.swift */,
			);
			name = Notifications;
			sourceTree = "<group>";
		};
		04C95637205903FE003ED78B /* Users */ = {
			isa = PBXGroup;
			children = (
				4BB449A9206E576200A15550 /* VideoPlayer */,
				4BB449A5206E1E9700A15550 /* Views */,
				4BB449A4206E1E7B00A15550 /* Home */,
				4B17882D206A5AA700BB7158 /* Setting */,
				4B17882A206A57BD00BB7158 /* Live Workout */,
				04C9562D2058F526003ED78B /* MenuCategories */,
				04C956342059039B003ED78B /* Notifications */,
				4BF9220620690A8C006C6E44 /* Profile */,
			);
			name = Users;
			sourceTree = "<group>";
		};
		04C9563A2059042A003ED78B /* CreateNewWorkout */ = {
			isa = PBXGroup;
			children = (
				04999259204FBD1700CFB742 /* CreateNewWorkoutVC.swift */,
			);
			name = CreateNewWorkout;
			sourceTree = "<group>";
		};
		04D0B43520527B8E0094C944 /* View Controllers */ = {
			isa = PBXGroup;
			children = (
				04ED96E7205FD14200743CB0 /* Trainer */,
				04C95637205903FE003ED78B /* Users */,
				0427C5562057AE6E0048D988 /* Register Phase1 */,
				041A65E62057D3E900629FA2 /* Register Phase2 */,
				0427C55B2057BA700048D988 /* OTP */,
				0402FE2B2052BA66001E5C22 /* Landing Page */,
				04943636205BB3E2008014C5 /* AwesomePOPupVC.swift */,
				0494363A205BB5DB008014C5 /* UserContinuewithDetailVC.swift */,
				B748BAB120716ED8001439E9 /* Pojo.swift */,
			);
			name = "View Controllers";
			sourceTree = "<group>";
		};
		04ED96E7205FD14200743CB0 /* Trainer */ = {
			isa = PBXGroup;
			children = (
				4BC7AE4B2077AEC50032423D /* Play Video */,
				4BB449A8206E218B00A15550 /* Upload Video */,
				04828548205947A8008084FC /* Share */,
				4BB449A3206E1E1C00A15550 /* Setting */,
				4BB449A0206E1DDD00A15550 /* Profile */,
				4BB449A2206E1DFF00A15550 /* Notification */,
				4BB449A1206E1DF500A15550 /* Menu */,
				4BB4499F206E1D9F00A15550 /* Views */,
				4BB4499E206E1D7400A15550 /* Home */,
				04C9563A2059042A003ED78B /* CreateNewWorkout */,
			);
			name = Trainer;
			sourceTree = "<group>";
		};
		49F4C5279D071142B0A9598A /* Pods */ = {
			isa = PBXGroup;
			children = (
				74A847429C6CDC29B981115C /* Pods-Flive.debug.xcconfig */,
				767CC6EEFE1FC2603A63EDE7 /* Pods-Flive.release.xcconfig */,
			);
			name = Pods;
			sourceTree = "<group>";
		};
		4B17882A206A57BD00BB7158 /* Live Workout */ = {
			isa = PBXGroup;
			children = (
				4B17882B206A57E200BB7158 /* UserLiveWorkoutVC.swift */,
			);
			name = "Live Workout";
			sourceTree = "<group>";
		};
		4B17882D206A5AA700BB7158 /* Setting */ = {
			isa = PBXGroup;
			children = (
				4B17882E206A5AC400BB7158 /* UserSettingVC.swift */,
			);
			name = Setting;
			sourceTree = "<group>";
		};
		4B7A0D8D2065353100F4383A /* Helper */ = {
			isa = PBXGroup;
			children = (
				4B7A0D902065362E00F4383A /* Functions.swift */,
			);
			name = Helper;
			sourceTree = "<group>";
		};
		4BB4499E206E1D7400A15550 /* Home */ = {
			isa = PBXGroup;
			children = (
				04C9563C20590528003ED78B /* homeVC.swift */,
				4BFDA2072076468D005C6DDD /* SeeMoreVC.swift */,
			);
			name = Home;
			sourceTree = "<group>";
		};
		4BB4499F206E1D9F00A15550 /* Views */ = {
			isa = PBXGroup;
			children = (
				4BF921FB2068F6ED006C6E44 /* TrainerCollectionViewCell1.swift */,
				4BF921FD2068F70E006C6E44 /* TrainerCollectionViewCell2.swift */,
				4BF921FF2068F720006C6E44 /* TrainerCollectionViewCell3.swift */,
				4BF922012068F744006C6E44 /* ViewCells.swift */,
				4BB44994206BB93200A15550 /* TrainerMenuCell.swift */,
				4BB44996206BB95F00A15550 /* TrainerNotificationCell.swift */,
			);
			name = Views;
			sourceTree = "<group>";
		};
		4BB449A0206E1DDD00A15550 /* Profile */ = {
			isa = PBXGroup;
			children = (
				04ED96E8205FD18900743CB0 /* TrainerProfileVC.swift */,
			);
			name = Profile;
			sourceTree = "<group>";
		};
		4BB449A1206E1DF500A15550 /* Menu */ = {
			isa = PBXGroup;
			children = (
				049F122F206B846800BA9C16 /* MenuTrainerVC.swift */,
			);
			name = Menu;
			sourceTree = "<group>";
		};
		4BB449A2206E1DFF00A15550 /* Notification */ = {
			isa = PBXGroup;
			children = (
				049F1231206B84D100BA9C16 /* TrainerNotificationsVC.swift */,
			);
			name = Notification;
			sourceTree = "<group>";
		};
		4BB449A3206E1E1C00A15550 /* Setting */ = {
			isa = PBXGroup;
			children = (
				4BB44998206BC00D00A15550 /* TrainerSettingVC.swift */,
			);
			name = Setting;
			sourceTree = "<group>";
		};
		4BB449A4206E1E7B00A15550 /* Home */ = {
			isa = PBXGroup;
			children = (
				04C9563820590420003ED78B /* UserVC.swift */,
			);
			name = Home;
			sourceTree = "<group>";
		};
		4BB449A5206E1E9700A15550 /* Views */ = {
			isa = PBXGroup;
			children = (
				04ED96DF205F945D00743CB0 /* UserCollectionViewCell1.swift */,
				04ED96E1205F947300743CB0 /* UserCollectionViewCell2.swift */,
				04ED96E3205F948C00743CB0 /* UserCollectionViewCell3.swift */,
				04ED96E5205F94A900743CB0 /* UserTableViewCell.swift */,
			);
			name = Views;
			sourceTree = "<group>";
		};
		4BB449A6206E1F1700A15550 /* Trainer Details */ = {
			isa = PBXGroup;
			children = (
				04943638205BB499008014C5 /* TrainerDetailVC.swift */,
			);
			name = "Trainer Details";
			sourceTree = "<group>";
		};
		4BB449A8206E218B00A15550 /* Upload Video */ = {
			isa = PBXGroup;
			children = (
				4BB4499A206D022A00A15550 /* TrainerUploadVideoVC.swift */,
				4BB4499C206D228A00A15550 /* TrainerCreateWorkoutAfterVideoVC.swift */,
				B765FC322072E59900184CEF /* TrainerSchduleWorkout.swift */,
			);
			name = "Upload Video";
			sourceTree = "<group>";
		};
		4BB449A9206E576200A15550 /* VideoPlayer */ = {
			isa = PBXGroup;
			children = (
				4B178830206A70CB00BB7158 /* VideoPlayer.swift */,
			);
			name = VideoPlayer;
			sourceTree = "<group>";
		};
		4BC7AE4B2077AEC50032423D /* Play Video */ = {
			isa = PBXGroup;
			children = (
				4BC7AE4E2077B15C0032423D /* ComingWorkoutVideo.swift */,
				4BC7AE502077B2470032423D /* AvailableWorkoutVideoVC.swift */,
			);
			name = "Play Video";
			sourceTree = "<group>";
		};
		4BF9220620690A8C006C6E44 /* Profile */ = {
			isa = PBXGroup;
			children = (
				4BF9220320690A18006C6E44 /* UserProfileVC.swift */,
				4BF9220720690AF1006C6E44 /* UserprofileCell1.swift */,
				4BF9220920690B3F006C6E44 /* UserProfileCell2.swift */,
			);
			name = Profile;
			sourceTree = "<group>";
		};
		D56AF7746F6D20A2E480C92D /* Frameworks */ = {
			isa = PBXGroup;
			children = (
				6053142C526915D3A39399CD /* Pods_Flive.framework */,
			);
			name = Frameworks;
			sourceTree = "<group>";
		};
/* End PBXGroup section */

/* Begin PBXNativeTarget section */
		04999253204FBD1700CFB742 /* Flive */ = {
			isa = PBXNativeTarget;
			buildConfigurationList = 04999266204FBD1800CFB742 /* Build configuration list for PBXNativeTarget "Flive" */;
			buildPhases = (
				40A406AC11BB07C1D7A2DEC2 /* [CP] Check Pods Manifest.lock */,
				04999250204FBD1700CFB742 /* Sources */,
				04999251204FBD1700CFB742 /* Frameworks */,
				04999252204FBD1700CFB742 /* Resources */,
				044094882A537D5EFEC779C2 /* [CP] Embed Pods Frameworks */,
				33861AACC330F62B85BD3C21 /* [CP] Copy Pods Resources */,
			);
			buildRules = (
			);
			dependencies = (
			);
			name = Flive;
			productName = Flive;
			productReference = 04999254204FBD1700CFB742 /* Flive.app */;
			productType = "com.apple.product-type.application";
		};
/* End PBXNativeTarget section */

/* Begin PBXProject section */
		0499924C204FBD1700CFB742 /* Project object */ = {
			isa = PBXProject;
			attributes = {
				LastSwiftUpdateCheck = 0820;
				LastUpgradeCheck = 0920;
				ORGANIZATIONNAME = "mac for ios";
				TargetAttributes = {
					04999253204FBD1700CFB742 = {
						CreatedOnToolsVersion = 8.2;
						DevelopmentTeam = JLGSV5ZB53;
						LastSwiftMigration = 0920;
						ProvisioningStyle = Automatic;
						SystemCapabilities = {
							com.apple.Push = {
								enabled = 0;
							};
						};
					};
				};
			};
			buildConfigurationList = 0499924F204FBD1700CFB742 /* Build configuration list for PBXProject "Flive" */;
			compatibilityVersion = "Xcode 3.2";
			developmentRegion = English;
			hasScannedForEncodings = 0;
			knownRegions = (
				en,
				Base,
			);
			mainGroup = 0499924B204FBD1700CFB742;
			productRefGroup = 04999255204FBD1700CFB742 /* Products */;
			projectDirPath = "";
			projectRoot = "";
			targets = (
				04999253204FBD1700CFB742 /* Flive */,
			);
		};
/* End PBXProject section */

/* Begin PBXResourcesBuildPhase section */
		04999252204FBD1700CFB742 /* Resources */ = {
			isa = PBXResourcesBuildPhase;
			buildActionMask = 2147483647;
			files = (
				1AC4EB762062232600DB3791 /* GoogleService-Info.plist in Resources */,
				04999262204FBD1800CFB742 /* LaunchScreen.storyboard in Resources */,
				1AE05FF820693A9000410643 /* 12.mp4 in Resources */,
				1AE05FF920693A9000410643 /* 13.mp4 in Resources */,
				1AE05FFA20693A9000410643 /* 11.mp4 in Resources */,
				0499925F204FBD1800CFB742 /* Assets.xcassets in Resources */,
				0499925D204FBD1700CFB742 /* Main.storyboard in Resources */,
			);
			runOnlyForDeploymentPostprocessing = 0;
		};
/* End PBXResourcesBuildPhase section */

/* Begin PBXShellScriptBuildPhase section */
		044094882A537D5EFEC779C2 /* [CP] Embed Pods Frameworks */ = {
			isa = PBXShellScriptBuildPhase;
			buildActionMask = 2147483647;
			files = (
			);
			inputPaths = (
				"${SRCROOT}/Pods/Target Support Files/Pods-Flive/Pods-Flive-frameworks.sh",
				"${BUILT_PRODUCTS_DIR}/Bolts/Bolts.framework",
				"${BUILT_PRODUCTS_DIR}/FBSDKCoreKit/FBSDKCoreKit.framework",
				"${BUILT_PRODUCTS_DIR}/FBSDKLoginKit/FBSDKLoginKit.framework",
				"${BUILT_PRODUCTS_DIR}/GTMSessionFetcher/GTMSessionFetcher.framework",
				"${BUILT_PRODUCTS_DIR}/GoogleToolboxForMac/GoogleToolboxForMac.framework",
				"${BUILT_PRODUCTS_DIR}/IQKeyboardManagerSwift/IQKeyboardManagerSwift.framework",
				"${BUILT_PRODUCTS_DIR}/NVActivityIndicatorView/NVActivityIndicatorView.framework",
				"${BUILT_PRODUCTS_DIR}/SDWebImage/SDWebImage.framework",
				"${BUILT_PRODUCTS_DIR}/SVProgressHUD/SVProgressHUD.framework",
				"${BUILT_PRODUCTS_DIR}/leveldb-library/leveldb.framework",
				"${BUILT_PRODUCTS_DIR}/nanopb/nanopb.framework",
			);
			name = "[CP] Embed Pods Frameworks";
			outputPaths = (
				"${TARGET_BUILD_DIR}/${FRAMEWORKS_FOLDER_PATH}/Bolts.framework",
				"${TARGET_BUILD_DIR}/${FRAMEWORKS_FOLDER_PATH}/FBSDKCoreKit.framework",
				"${TARGET_BUILD_DIR}/${FRAMEWORKS_FOLDER_PATH}/FBSDKLoginKit.framework",
				"${TARGET_BUILD_DIR}/${FRAMEWORKS_FOLDER_PATH}/GTMSessionFetcher.framework",
				"${TARGET_BUILD_DIR}/${FRAMEWORKS_FOLDER_PATH}/GoogleToolboxForMac.framework",
				"${TARGET_BUILD_DIR}/${FRAMEWORKS_FOLDER_PATH}/IQKeyboardManagerSwift.framework",
				"${TARGET_BUILD_DIR}/${FRAMEWORKS_FOLDER_PATH}/NVActivityIndicatorView.framework",
				"${TARGET_BUILD_DIR}/${FRAMEWORKS_FOLDER_PATH}/SDWebImage.framework",
				"${TARGET_BUILD_DIR}/${FRAMEWORKS_FOLDER_PATH}/SVProgressHUD.framework",
				"${TARGET_BUILD_DIR}/${FRAMEWORKS_FOLDER_PATH}/leveldb.framework",
				"${TARGET_BUILD_DIR}/${FRAMEWORKS_FOLDER_PATH}/nanopb.framework",
			);
			runOnlyForDeploymentPostprocessing = 0;
			shellPath = /bin/sh;
			shellScript = "\"${SRCROOT}/Pods/Target Support Files/Pods-Flive/Pods-Flive-frameworks.sh\"\n";
			showEnvVarsInLog = 0;
		};
		33861AACC330F62B85BD3C21 /* [CP] Copy Pods Resources */ = {
			isa = PBXShellScriptBuildPhase;
			buildActionMask = 2147483647;
			files = (
			);
			inputPaths = (
			);
			name = "[CP] Copy Pods Resources";
			outputPaths = (
			);
			runOnlyForDeploymentPostprocessing = 0;
			shellPath = /bin/sh;
			shellScript = "\"${SRCROOT}/Pods/Target Support Files/Pods-Flive/Pods-Flive-resources.sh\"\n";
			showEnvVarsInLog = 0;
		};
		40A406AC11BB07C1D7A2DEC2 /* [CP] Check Pods Manifest.lock */ = {
			isa = PBXShellScriptBuildPhase;
			buildActionMask = 2147483647;
			files = (
			);
			inputPaths = (
				"${PODS_PODFILE_DIR_PATH}/Podfile.lock",
				"${PODS_ROOT}/Manifest.lock",
			);
			name = "[CP] Check Pods Manifest.lock";
			outputPaths = (
				"$(DERIVED_FILE_DIR)/Pods-Flive-checkManifestLockResult.txt",
			);
			runOnlyForDeploymentPostprocessing = 0;
			shellPath = /bin/sh;
			shellScript = "diff \"${PODS_PODFILE_DIR_PATH}/Podfile.lock\" \"${PODS_ROOT}/Manifest.lock\" > /dev/null\nif [ $? != 0 ] ; then\n    # print error to STDERR\n    echo \"error: The sandbox is not in sync with the Podfile.lock. Run 'pod install' or update your CocoaPods installation.\" >&2\n    exit 1\nfi\n# This output is used by Xcode 'outputs' to avoid re-running this script phase.\necho \"SUCCESS\" > \"${SCRIPT_OUTPUT_FILE_0}\"\n";
			showEnvVarsInLog = 0;
		};
/* End PBXShellScriptBuildPhase section */

/* Begin PBXSourcesBuildPhase section */
		04999250204FBD1700CFB742 /* Sources */ = {
			isa = PBXSourcesBuildPhase;
			buildActionMask = 2147483647;
			files = (
				0427C55A2057AF7A0048D988 /* SignupViaEmailVC.swift in Sources */,
				04ED96E9205FD18900743CB0 /* TrainerProfileVC.swift in Sources */,
				B765FC332072E59900184CEF /* TrainerSchduleWorkout.swift in Sources */,
				0427C5582057AED10048D988 /* registerationViaSocialVC.swift in Sources */,
				4B7A0D912065362E00F4383A /* Functions.swift in Sources */,
				0494362B205BA776008014C5 /* PreferredWorkoutsVC.swift in Sources */,
				0402FE2D2052BA9D001E5C22 /* LandingVC.swift in Sources */,
				0499925A204FBD1700CFB742 /* CreateNewWorkoutVC.swift in Sources */,
				B748BAB220716ED8001439E9 /* Pojo.swift in Sources */,
				0494363B205BB5DB008014C5 /* UserContinuewithDetailVC.swift in Sources */,
				4BF20F0520691B8300C35CE8 /* UserSubscriptionVC.swift in Sources */,
				04C95636205903E1003ED78B /* notificationVC.swift in Sources */,
				04943633205BA944008014C5 /* WorkoutLengthVC.swift in Sources */,
				049F1232206B84D100BA9C16 /* TrainerNotificationsVC.swift in Sources */,
				04AB6F322056541700BC0F71 /* LandingVCCell2.swift in Sources */,
				04943637205BB3E2008014C5 /* AwesomePOPupVC.swift in Sources */,
				04AB6F2E2056442300BC0F71 /* LandingVCCell1.swift in Sources */,
				04C1B9762057EFBA009CFD76 /* CategoriesVC.swift in Sources */,
				4B6C23E220628B17004EE992 /* CreateAccountVC.swift in Sources */,
				4BC7AE4F2077B15C0032423D /* ComingWorkoutVideo.swift in Sources */,
				4BC7AE512077B2470032423D /* AvailableWorkoutVideoVC.swift in Sources */,
				0427C55D2057BA950048D988 /* otpVC.swift in Sources */,
				049F1230206B846800BA9C16 /* MenuTrainerVC.swift in Sources */,
				047D2AC620580A2F00DBF5F8 /* CompetencyLevelVC.swift in Sources */,
				4B17882F206A5AC400BB7158 /* UserSettingVC.swift in Sources */,
				4B178831206A70CB00BB7158 /* VideoPlayer.swift in Sources */,
				4BF9220420690A18006C6E44 /* UserProfileVC.swift in Sources */,
				04ED96E2205F947300743CB0 /* UserCollectionViewCell2.swift in Sources */,
				04C9563920590420003ED78B /* UserVC.swift in Sources */,
				1A057831206A1BB200137377 /* LoginVC.swift in Sources */,
				04AB6F3420569D2500BC0F71 /* TablesCell.swift in Sources */,
				04943631205BA91A008014C5 /* CommittedWorkoutsVC.swift in Sources */,
				04943639205BB499008014C5 /* TrainerDetailVC.swift in Sources */,
				4BB44995206BB93200A15550 /* TrainerMenuCell.swift in Sources */,
				4BF922022068F744006C6E44 /* ViewCells.swift in Sources */,
				04C9562F2058F573003ED78B /* menuCataVC.swift in Sources */,
				04C9563D20590528003ED78B /* homeVC.swift in Sources */,
				04999258204FBD1700CFB742 /* AppDelegate.swift in Sources */,
				04828547205945F7008084FC /* ShareAppVC.swift in Sources */,
				4BB44997206BB95F00A15550 /* TrainerNotificationCell.swift in Sources */,
				4BF921FC2068F6ED006C6E44 /* TrainerCollectionViewCell1.swift in Sources */,
				4BF922002068F720006C6E44 /* TrainerCollectionViewCell3.swift in Sources */,
				4BF9220A20690B3F006C6E44 /* UserProfileCell2.swift in Sources */,
				04C956332058F7D7003ED78B /* menuCategoriesCell.swift in Sources */,
				4B17882C206A57E200BB7158 /* UserLiveWorkoutVC.swift in Sources */,
				4BB4499D206D228A00A15550 /* TrainerCreateWorkoutAfterVideoVC.swift in Sources */,
				04ED96E0205F945D00743CB0 /* UserCollectionViewCell1.swift in Sources */,
				4BB4499B206D022A00A15550 /* TrainerUploadVideoVC.swift in Sources */,
				4BF921FE2068F70E006C6E44 /* TrainerCollectionViewCell2.swift in Sources */,
				4BB44999206BC00D00A15550 /* TrainerSettingVC.swift in Sources */,
				4BF9220820690AF1006C6E44 /* UserprofileCell1.swift in Sources */,
				4BFDA2082076468D005C6DDD /* SeeMoreVC.swift in Sources */,
				04ED96E4205F948C00743CB0 /* UserCollectionViewCell3.swift in Sources */,
				04ED96E6205F94A900743CB0 /* UserTableViewCell.swift in Sources */,
				0482854A205947D7008084FC /* ShareAppCell.swift in Sources */,
			);
			runOnlyForDeploymentPostprocessing = 0;
		};
/* End PBXSourcesBuildPhase section */

/* Begin PBXVariantGroup section */
		0499925B204FBD1700CFB742 /* Main.storyboard */ = {
			isa = PBXVariantGroup;
			children = (
				0499925C204FBD1700CFB742 /* Base */,
			);
			name = Main.storyboard;
			sourceTree = "<group>";
		};
		04999260204FBD1800CFB742 /* LaunchScreen.storyboard */ = {
			isa = PBXVariantGroup;
			children = (
				04999261204FBD1800CFB742 /* Base */,
			);
			name = LaunchScreen.storyboard;
			sourceTree = "<group>";
		};
/* End PBXVariantGroup section */

/* Begin XCBuildConfiguration section */
		04999264204FBD1800CFB742 /* Debug */ = {
			isa = XCBuildConfiguration;
			buildSettings = {
				ALWAYS_SEARCH_USER_PATHS = NO;
				CLANG_ANALYZER_NONNULL = YES;
				CLANG_CXX_LANGUAGE_STANDARD = "gnu++0x";
				CLANG_CXX_LIBRARY = "libc++";
				CLANG_ENABLE_MODULES = YES;
				CLANG_ENABLE_OBJC_ARC = YES;
				CLANG_WARN_BLOCK_CAPTURE_AUTORELEASING = YES;
				CLANG_WARN_BOOL_CONVERSION = YES;
				CLANG_WARN_COMMA = YES;
				CLANG_WARN_CONSTANT_CONVERSION = YES;
				CLANG_WARN_DIRECT_OBJC_ISA_USAGE = YES_ERROR;
				CLANG_WARN_DOCUMENTATION_COMMENTS = YES;
				CLANG_WARN_EMPTY_BODY = YES;
				CLANG_WARN_ENUM_CONVERSION = YES;
				CLANG_WARN_INFINITE_RECURSION = YES;
				CLANG_WARN_INT_CONVERSION = YES;
				CLANG_WARN_NON_LITERAL_NULL_CONVERSION = YES;
				CLANG_WARN_OBJC_LITERAL_CONVERSION = YES;
				CLANG_WARN_OBJC_ROOT_CLASS = YES_ERROR;
				CLANG_WARN_RANGE_LOOP_ANALYSIS = YES;
				CLANG_WARN_STRICT_PROTOTYPES = YES;
				CLANG_WARN_SUSPICIOUS_MOVE = YES;
				CLANG_WARN_UNREACHABLE_CODE = YES;
				CLANG_WARN__DUPLICATE_METHOD_MATCH = YES;
				"CODE_SIGN_IDENTITY[sdk=iphoneos*]" = "iPhone Developer";
				COPY_PHASE_STRIP = NO;
				DEBUG_INFORMATION_FORMAT = dwarf;
				ENABLE_STRICT_OBJC_MSGSEND = YES;
				ENABLE_TESTABILITY = YES;
				GCC_C_LANGUAGE_STANDARD = gnu99;
				GCC_DYNAMIC_NO_PIC = NO;
				GCC_NO_COMMON_BLOCKS = YES;
				GCC_OPTIMIZATION_LEVEL = 0;
				GCC_PREPROCESSOR_DEFINITIONS = (
					"DEBUG=1",
					"$(inherited)",
				);
				GCC_WARN_64_TO_32_BIT_CONVERSION = YES;
				GCC_WARN_ABOUT_RETURN_TYPE = YES_ERROR;
				GCC_WARN_UNDECLARED_SELECTOR = YES;
				GCC_WARN_UNINITIALIZED_AUTOS = YES_AGGRESSIVE;
				GCC_WARN_UNUSED_FUNCTION = YES;
				GCC_WARN_UNUSED_VARIABLE = YES;
				IPHONEOS_DEPLOYMENT_TARGET = 10.2;
				MTL_ENABLE_DEBUG_INFO = YES;
				ONLY_ACTIVE_ARCH = YES;
				SDKROOT = iphoneos;
				SWIFT_ACTIVE_COMPILATION_CONDITIONS = DEBUG;
				SWIFT_OPTIMIZATION_LEVEL = "-Onone";
				TARGETED_DEVICE_FAMILY = "1,2";
			};
			name = Debug;
		};
		04999265204FBD1800CFB742 /* Release */ = {
			isa = XCBuildConfiguration;
			buildSettings = {
				ALWAYS_SEARCH_USER_PATHS = NO;
				CLANG_ANALYZER_NONNULL = YES;
				CLANG_CXX_LANGUAGE_STANDARD = "gnu++0x";
				CLANG_CXX_LIBRARY = "libc++";
				CLANG_ENABLE_MODULES = YES;
				CLANG_ENABLE_OBJC_ARC = YES;
				CLANG_WARN_BLOCK_CAPTURE_AUTORELEASING = YES;
				CLANG_WARN_BOOL_CONVERSION = YES;
				CLANG_WARN_COMMA = YES;
				CLANG_WARN_CONSTANT_CONVERSION = YES;
				CLANG_WARN_DIRECT_OBJC_ISA_USAGE = YES_ERROR;
				CLANG_WARN_DOCUMENTATION_COMMENTS = YES;
				CLANG_WARN_EMPTY_BODY = YES;
				CLANG_WARN_ENUM_CONVERSION = YES;
				CLANG_WARN_INFINITE_RECURSION = YES;
				CLANG_WARN_INT_CONVERSION = YES;
				CLANG_WARN_NON_LITERAL_NULL_CONVERSION = YES;
				CLANG_WARN_OBJC_LITERAL_CONVERSION = YES;
				CLANG_WARN_OBJC_ROOT_CLASS = YES_ERROR;
				CLANG_WARN_RANGE_LOOP_ANALYSIS = YES;
				CLANG_WARN_STRICT_PROTOTYPES = YES;
				CLANG_WARN_SUSPICIOUS_MOVE = YES;
				CLANG_WARN_UNREACHABLE_CODE = YES;
				CLANG_WARN__DUPLICATE_METHOD_MATCH = YES;
				"CODE_SIGN_IDENTITY[sdk=iphoneos*]" = "iPhone Developer";
				COPY_PHASE_STRIP = NO;
				DEBUG_INFORMATION_FORMAT = "dwarf-with-dsym";
				ENABLE_NS_ASSERTIONS = NO;
				ENABLE_STRICT_OBJC_MSGSEND = YES;
				GCC_C_LANGUAGE_STANDARD = gnu99;
				GCC_NO_COMMON_BLOCKS = YES;
				GCC_WARN_64_TO_32_BIT_CONVERSION = YES;
				GCC_WARN_ABOUT_RETURN_TYPE = YES_ERROR;
				GCC_WARN_UNDECLARED_SELECTOR = YES;
				GCC_WARN_UNINITIALIZED_AUTOS = YES_AGGRESSIVE;
				GCC_WARN_UNUSED_FUNCTION = YES;
				GCC_WARN_UNUSED_VARIABLE = YES;
				IPHONEOS_DEPLOYMENT_TARGET = 10.2;
				MTL_ENABLE_DEBUG_INFO = NO;
				SDKROOT = iphoneos;
				SWIFT_OPTIMIZATION_LEVEL = "-Owholemodule";
				TARGETED_DEVICE_FAMILY = "1,2";
				VALIDATE_PRODUCT = YES;
			};
			name = Release;
		};
		04999267204FBD1800CFB742 /* Debug */ = {
			isa = XCBuildConfiguration;
			baseConfigurationReference = 74A847429C6CDC29B981115C /* Pods-Flive.debug.xcconfig */;
			buildSettings = {
				ASSETCATALOG_COMPILER_APPICON_NAME = AppIcon;
				"CODE_SIGN_IDENTITY[sdk=iphoneos*]" = "iPhone Developer";
				CODE_SIGN_STYLE = Automatic;
				DEVELOPMENT_TEAM = "";
				INFOPLIST_FILE = Flive/Info.plist;
				IPHONEOS_DEPLOYMENT_TARGET = 9.0;
				LD_RUNPATH_SEARCH_PATHS = "$(inherited) @executable_path/Frameworks";
				PRODUCT_BUNDLE_IDENTIFIER = beckondelve.com.flive;
				PRODUCT_NAME = "$(TARGET_NAME)";
				PROVISIONING_PROFILE = "";
				PROVISIONING_PROFILE_SPECIFIER = "";
				SWIFT_SWIFT3_OBJC_INFERENCE = On;
				SWIFT_VERSION = 4.0;
			};
			name = Debug;
		};
		04999268204FBD1800CFB742 /* Release */ = {
			isa = XCBuildConfiguration;
			baseConfigurationReference = 767CC6EEFE1FC2603A63EDE7 /* Pods-Flive.release.xcconfig */;
			buildSettings = {
				ASSETCATALOG_COMPILER_APPICON_NAME = AppIcon;
				"CODE_SIGN_IDENTITY[sdk=iphoneos*]" = "iPhone Developer";
				CODE_SIGN_STYLE = Automatic;
				DEVELOPMENT_TEAM = "";
				INFOPLIST_FILE = Flive/Info.plist;
				IPHONEOS_DEPLOYMENT_TARGET = 9.0;
				LD_RUNPATH_SEARCH_PATHS = "$(inherited) @executable_path/Frameworks";
				PRODUCT_BUNDLE_IDENTIFIER = beckondelve.com.flive;
				PRODUCT_NAME = "$(TARGET_NAME)";
				PROVISIONING_PROFILE = "";
				PROVISIONING_PROFILE_SPECIFIER = "";
				SWIFT_SWIFT3_OBJC_INFERENCE = On;
				SWIFT_VERSION = 4.0;
			};
			name = Release;
		};
/* End XCBuildConfiguration section */

/* Begin XCConfigurationList section */
		0499924F204FBD1700CFB742 /* Build configuration list for PBXProject "Flive" */ = {
			isa = XCConfigurationList;
			buildConfigurations = (
				04999264204FBD1800CFB742 /* Debug */,
				04999265204FBD1800CFB742 /* Release */,
			);
			defaultConfigurationIsVisible = 0;
			defaultConfigurationName = Release;
		};
		04999266204FBD1800CFB742 /* Build configuration list for PBXNativeTarget "Flive" */ = {
			isa = XCConfigurationList;
			buildConfigurations = (
				04999267204FBD1800CFB742 /* Debug */,
				04999268204FBD1800CFB742 /* Release */,
			);
			defaultConfigurationIsVisible = 0;
			defaultConfigurationName = Release;
		};
/* End XCConfigurationList section */
	};
	rootObject = 0499924C204FBD1700CFB742 /* Project object */;
}
